
Microsoft Visual Studio Solution File, Format Version 12.00
# Visual Studio 14
VisualStudioVersion = 14.0.25123.0
MinimumVisualStudioVersion = 10.0.40219.1
Project("{FAE04EC0-301F-11D3-BF4B-00C04F79EFBC}") = "Data", "DAO\Data.csproj", "{3D9F5383-79D0-4EF1-BF5F-120E71F2A012}"
EndProject
Project("{FAE04EC0-301F-11D3-BF4B-00C04F79EFBC}") = "DataTests", "DataTests\DataTests.csproj", "{1438AC45-53EA-495C-A9DE-2066F283FC7F}"
EndProject
Global
	GlobalSection(SolutionConfigurationPlatforms) = preSolution
		Debug|Any CPU = Debug|Any CPU
		Release|Any CPU = Release|Any CPU
	EndGlobalSection
	GlobalSection(ProjectConfigurationPlatforms) = postSolution
		{3D9F5383-79D0-4EF1-BF5F-120E71F2A012}.Debug|Any CPU.ActiveCfg = Debug|Any CPU
		{3D9F5383-79D0-4EF1-BF5F-120E71F2A012}.Debug|Any CPU.Build.0 = Debug|Any CPU
		{3D9F5383-79D0-4EF1-BF5F-120E71F2A012}.Release|Any CPU.ActiveCfg = Release|Any CPU
		{3D9F5383-79D0-4EF1-BF5F-120E71F2A012}.Release|Any CPU.Build.0 = Release|Any CPU
		{1438AC45-53EA-495C-A9DE-2066F283FC7F}.Debug|Any CPU.ActiveCfg = Debug|Any CPU
		{1438AC45-53EA-495C-A9DE-2066F283FC7F}.Debug|Any CPU.Build.0 = Debug|Any CPU
		{1438AC45-53EA-495C-A9DE-2066F283FC7F}.Release|Any CPU.ActiveCfg = Release|Any CPU
		{1438AC45-53EA-495C-A9DE-2066F283FC7F}.Release|Any CPU.Build.0 = Release|Any CPU
	EndGlobalSection
	GlobalSection(SolutionProperties) = preSolution
		HideSolutionNode = FALSE
	EndGlobalSection
EndGlobal
